{
  "nodes": {
    "nixpkgs": {
      "locked": {
        "lastModified": 1742700815,
        "narHash": "sha256-tNc+2n53oQMgvx7w/NuxoJwOE4hhrZMqhToQsu0tsy4=",
        "owner": "NixOS",
        "repo": "nixpkgs",
        "rev": "a90d8216fdce578320153f91d399fa517e3ba782",
        "type": "github"
      },
      "original": {
        "owner": "NixOS",
        "repo": "nixpkgs",
        "rev": "a90d8216fdce578320153f91d399fa517e3ba782",
        "type": "github"
      }
    },
    "root": {
      "inputs": {
        "nixpkgs": "nixpkgs"
      }
    }
  },
  "root": "root",
  "version": 7
}
