{
  "nodes": {
    "nixpkgs": {
      "locked": {
        "lastModified": 1742874979,
        "narHash": "sha256-KyfBBOIIX7OnmGpXZfJdT0O61rXlK2VoaRUyrn7KjZo=",
        "owner": "NixOS",
        "repo": "nixpkgs",
        "rev": "126db443ed3f0e585ee83c9ebe6547ec09168efa",
        "type": "github"
      },
      "original": {
        "owner": "NixOS",
        "repo": "nixpkgs",
        "rev": "126db443ed3f0e585ee83c9ebe6547ec09168efa",
        "type": "github"
      }
    },
    "root": {
      "inputs": {
        "nixpkgs": "nixpkgs"
      }
    }
  },
  "root": "root",
  "version": 7
}
